
Microsoft Visual Studio Solution File, Format Version 12.00
# Visual Studio Version 16
VisualStudioVersion = 16.0.30225.117
MinimumVisualStudioVersion = 10.0.40219.1
Project("{FAE04EC0-301F-11D3-BF4B-00C04F79EFBC}") = "MyTextReplacer", "MyTextReplacer\MyTextReplacer.csproj", "{F307C6F9-ADD2-4583-B55D-ECCD948E0F44}"
EndProject
Global
	GlobalSection(SolutionConfigurationPlatforms) = preSolution
		Debug|Any CPU = Debug|Any CPU
		Release|Any CPU = Release|Any CPU
	EndGlobalSection
	GlobalSection(ProjectConfigurationPlatforms) = postSolution
		{F307C6F9-ADD2-4583-B55D-ECCD948E0F44}.Debug|Any CPU.ActiveCfg = Debug|Any CPU
		{F307C6F9-ADD2-4583-B55D-ECCD948E0F44}.Debug|Any CPU.Build.0 = Debug|Any CPU
		{F307C6F9-ADD2-4583-B55D-ECCD948E0F44}.Release|Any CPU.ActiveCfg = Release|Any CPU
		{F307C6F9-ADD2-4583-B55D-ECCD948E0F44}.Release|Any CPU.Build.0 = Release|Any CPU
	EndGlobalSection
	GlobalSection(SolutionProperties) = preSolution
		HideSolutionNode = FALSE
	EndGlobalSection
	GlobalSection(ExtensibilityGlobals) = postSolution
		SolutionGuid = {36C2CA4D-FB09-4102-BE78-3DAA5CF05B74}
	EndGlobalSection
EndGlobal
